// !$*UTF8*$!
{
	archiveVersion = 1;
	classes = {
	};
	objectVersion = 56;
	objects = {

/* Begin PBXBuildFile section */
		58C40D952CA6883F004802B5 /* AppDelegate.swift in Sources */ = {isa = PBXBuildFile; fileRef = 58C40D942CA6883F004802B5 /* AppDelegate.swift */; };
		58C40D972CA6883F004802B5 /* SceneDelegate.swift in Sources */ = {isa = PBXBuildFile; fileRef = 58C40D962CA6883F004802B5 /* SceneDelegate.swift */; };
		58C40D992CA6883F004802B5 /* ViewController.swift in Sources */ = {isa = PBXBuildFile; fileRef = 58C40D982CA6883F004802B5 /* ViewController.swift */; };
		58C40D9C2CA6883F004802B5 /* Base in Resources */ = {isa = PBXBuildFile; fileRef = 58C40D9B2CA6883F004802B5 /* Base */; };
		58C40D9E2CA68840004802B5 /* Assets.xcassets in Resources */ = {isa = PBXBuildFile; fileRef = 58C40D9D2CA68840004802B5 /* Assets.xcassets */; };
		58C40DA12CA68840004802B5 /* Base in Resources */ = {isa = PBXBuildFile; fileRef = 58C40DA02CA68840004802B5 /* Base */; };
		58C40DB12CA68B75004802B5 /* BuildPluginExampleTests.swift in Sources */ = {isa = PBXBuildFile; fileRef = 58C40DB02CA68B75004802B5 /* BuildPluginExampleTests.swift */; };
		58C40DB92CA68BBE004802B5 /* Bar.swift in Sources */ = {isa = PBXBuildFile; fileRef = 58C40DB82CA68BBE004802B5 /* Bar.swift */; };
		58C40DBE2CA68C66004802B5 /* CommonTestingSupport in Frameworks */ = {isa = PBXBuildFile; productRef = 58C40DBD2CA68C66004802B5 /* CommonTestingSupport */; };
		58D0096A2CA68C9E00BAC4B2 /* Common in Frameworks */ = {isa = PBXBuildFile; productRef = 58D009692CA68C9E00BAC4B2 /* Common */; };
/* End PBXBuildFile section */

/* Begin PBXContainerItemProxy section */
		58C40DB22CA68B75004802B5 /* PBXContainerItemProxy */ = {
			isa = PBXContainerItemProxy;
			containerPortal = 58C40D892CA6883F004802B5 /* Project object */;
			proxyType = 1;
			remoteGlobalIDString = 58C40D902CA6883F004802B5;
			remoteInfo = BuildPluginExample;
		};
/* End PBXContainerItemProxy section */

/* Begin PBXFileReference section */
		58C40D912CA6883F004802B5 /* BuildPluginExample.app */ = {isa = PBXFileReference; explicitFileType = wrapper.application; includeInIndex = 0; path = BuildPluginExample.app; sourceTree = BUILT_PRODUCTS_DIR; };
		58C40D942CA6883F004802B5 /* AppDelegate.swift */ = {isa = PBXFileReference; lastKnownFileType = sourcecode.swift; path = AppDelegate.swift; sourceTree = "<group>"; };
		58C40D962CA6883F004802B5 /* SceneDelegate.swift */ = {isa = PBXFileReference; lastKnownFileType = sourcecode.swift; path = SceneDelegate.swift; sourceTree = "<group>"; };
		58C40D982CA6883F004802B5 /* ViewController.swift */ = {isa = PBXFileReference; lastKnownFileType = sourcecode.swift; path = ViewController.swift; sourceTree = "<group>"; };
		58C40D9B2CA6883F004802B5 /* Base */ = {isa = PBXFileReference; lastKnownFileType = file.storyboard; name = Base; path = Base.lproj/Main.storyboard; sourceTree = "<group>"; };
		58C40D9D2CA68840004802B5 /* Assets.xcassets */ = {isa = PBXFileReference; lastKnownFileType = folder.assetcatalog; path = Assets.xcassets; sourceTree = "<group>"; };
		58C40DA02CA68840004802B5 /* Base */ = {isa = PBXFileReference; lastKnownFileType = file.storyboard; name = Base; path = Base.lproj/LaunchScreen.storyboard; sourceTree = "<group>"; };
		58C40DA22CA68840004802B5 /* Info.plist */ = {isa = PBXFileReference; lastKnownFileType = text.plist.xml; path = Info.plist; sourceTree = "<group>"; };
		58C40DA82CA6889D004802B5 /* Common */ = {isa = PBXFileReference; lastKnownFileType = wrapper; name = Common; path = Packages/Common; sourceTree = "<group>"; };
		58C40DA92CA68B34004802B5 /* BuildPluginExample.xctestplan */ = {isa = PBXFileReference; lastKnownFileType = text; name = BuildPluginExample.xctestplan; path = TestPlans/BuildPluginExample.xctestplan; sourceTree = "<group>"; };
		58C40DAE2CA68B75004802B5 /* BuildPluginExampleTests.xctest */ = {isa = PBXFileReference; explicitFileType = wrapper.cfbundle; includeInIndex = 0; path = BuildPluginExampleTests.xctest; sourceTree = BUILT_PRODUCTS_DIR; };
		58C40DB02CA68B75004802B5 /* BuildPluginExampleTests.swift */ = {isa = PBXFileReference; lastKnownFileType = sourcecode.swift; path = BuildPluginExampleTests.swift; sourceTree = "<group>"; };
		58C40DB82CA68BBE004802B5 /* Bar.swift */ = {isa = PBXFileReference; lastKnownFileType = sourcecode.swift; path = Bar.swift; sourceTree = "<group>"; };
/* End PBXFileReference section */

/* Begin PBXFrameworksBuildPhase section */
		58C40D8E2CA6883F004802B5 /* Frameworks */ = {
			isa = PBXFrameworksBuildPhase;
			buildActionMask = 2147483647;
			files = (
				58D0096A2CA68C9E00BAC4B2 /* Common in Frameworks */,
			);
			runOnlyForDeploymentPostprocessing = 0;
		};
		58C40DAB2CA68B75004802B5 /* Frameworks */ = {
			isa = PBXFrameworksBuildPhase;
			buildActionMask = 2147483647;
			files = (
				58C40DBE2CA68C66004802B5 /* CommonTestingSupport in Frameworks */,
			);
			runOnlyForDeploymentPostprocessing = 0;
		};
/* End PBXFrameworksBuildPhase section */

/* Begin PBXGroup section */
		58981A1C2CA69008006622F3 /* Stuff */ = {
			isa = PBXGroup;
			children = (
				58C40D942CA6883F004802B5 /* AppDelegate.swift */,
				58C40D962CA6883F004802B5 /* SceneDelegate.swift */,
				58C40D982CA6883F004802B5 /* ViewController.swift */,
				58C40D9A2CA6883F004802B5 /* Main.storyboard */,
				58C40D9D2CA68840004802B5 /* Assets.xcassets */,
				58C40D9F2CA68840004802B5 /* LaunchScreen.storyboard */,
				58C40DA22CA68840004802B5 /* Info.plist */,
			);
			name = Stuff;
			sourceTree = "<group>";
		};
		58C40D882CA6883F004802B5 = {
			isa = PBXGroup;
			children = (
				58C40DA92CA68B34004802B5 /* BuildPluginExample.xctestplan */,
				58C40D932CA6883F004802B5 /* BuildPluginExample */,
				58C40DAF2CA68B75004802B5 /* BuildPluginExampleTests */,
				58C40D922CA6883F004802B5 /* Products */,
				58C40DBA2CA68C66004802B5 /* Frameworks */,
			);
			sourceTree = "<group>";
		};
		58C40D922CA6883F004802B5 /* Products */ = {
			isa = PBXGroup;
			children = (
				58C40D912CA6883F004802B5 /* BuildPluginExample.app */,
				58C40DAE2CA68B75004802B5 /* BuildPluginExampleTests.xctest */,
			);
			name = Products;
			sourceTree = "<group>";
		};
		58C40D932CA6883F004802B5 /* BuildPluginExample */ = {
			isa = PBXGroup;
			children = (
				58C40DA82CA6889D004802B5 /* Common */,
				58981A1C2CA69008006622F3 /* Stuff */,
				58C40DB82CA68BBE004802B5 /* Bar.swift */,
			);
			path = BuildPluginExample;
			sourceTree = "<group>";
		};
		58C40DAF2CA68B75004802B5 /* BuildPluginExampleTests */ = {
			isa = PBXGroup;
			children = (
				58C40DB02CA68B75004802B5 /* BuildPluginExampleTests.swift */,
			);
			path = BuildPluginExampleTests;
			sourceTree = "<group>";
		};
		58C40DBA2CA68C66004802B5 /* Frameworks */ = {
			isa = PBXGroup;
			children = (
			);
			name = Frameworks;
			sourceTree = "<group>";
		};
/* End PBXGroup section */

/* Begin PBXNativeTarget section */
		58C40D902CA6883F004802B5 /* BuildPluginExample */ = {
			isa = PBXNativeTarget;
			buildConfigurationList = 58C40DA52CA68840004802B5 /* Build configuration list for PBXNativeTarget "BuildPluginExample" */;
			buildPhases = (
				58C40D8D2CA6883F004802B5 /* Sources */,
				58C40D8E2CA6883F004802B5 /* Frameworks */,
				58C40D8F2CA6883F004802B5 /* Resources */,
			);
			buildRules = (
			);
			dependencies = (
			);
			name = BuildPluginExample;
			packageProductDependencies = (
				58D009692CA68C9E00BAC4B2 /* Common */,
			);
			productName = BuildPluginExample;
			productReference = 58C40D912CA6883F004802B5 /* BuildPluginExample.app */;
			productType = "com.apple.product-type.application";
		};
		58C40DAD2CA68B75004802B5 /* BuildPluginExampleTests */ = {
			isa = PBXNativeTarget;
			buildConfigurationList = 58C40DB42CA68B75004802B5 /* Build configuration list for PBXNativeTarget "BuildPluginExampleTests" */;
			buildPhases = (
				58C40DAA2CA68B75004802B5 /* Sources */,
				58C40DAB2CA68B75004802B5 /* Frameworks */,
				58C40DAC2CA68B75004802B5 /* Resources */,
			);
			buildRules = (
			);
			dependencies = (
				58C40DB32CA68B75004802B5 /* PBXTargetDependency */,
			);
			name = BuildPluginExampleTests;
			packageProductDependencies = (
				58C40DBD2CA68C66004802B5 /* CommonTestingSupport */,
			);
			productName = BuildPluginExampleTests;
			productReference = 58C40DAE2CA68B75004802B5 /* BuildPluginExampleTests.xctest */;
			productType = "com.apple.product-type.bundle.unit-test";
		};
/* End PBXNativeTarget section */

/* Begin PBXProject section */
		58C40D892CA6883F004802B5 /* Project object */ = {
			isa = PBXProject;
			attributes = {
				BuildIndependentTargetsInParallel = 1;
				LastSwiftUpdateCheck = 1540;
				LastUpgradeCheck = 1540;
				TargetAttributes = {
					58C40D902CA6883F004802B5 = {
						CreatedOnToolsVersion = 15.4;
					};
					58C40DAD2CA68B75004802B5 = {
						CreatedOnToolsVersion = 15.4;
						TestTargetID = 58C40D902CA6883F004802B5;
					};
				};
			};
			buildConfigurationList = 58C40D8C2CA6883F004802B5 /* Build configuration list for PBXProject "BuildPluginExample" */;
			compatibilityVersion = "Xcode 14.0";
			developmentRegion = en;
			hasScannedForEncodings = 0;
			knownRegions = (
				en,
				Base,
			);
			mainGroup = 58C40D882CA6883F004802B5;
			packageReferences = (
			);
			productRefGroup = 58C40D922CA6883F004802B5 /* Products */;
			projectDirPath = "";
			projectRoot = "";
			targets = (
				58C40D902CA6883F004802B5 /* BuildPluginExample */,
				58C40DAD2CA68B75004802B5 /* BuildPluginExampleTests */,
			);
		};
/* End PBXProject section */

/* Begin PBXResourcesBuildPhase section */
		58C40D8F2CA6883F004802B5 /* Resources */ = {
			isa = PBXResourcesBuildPhase;
			buildActionMask = 2147483647;
			files = (
				58C40D9E2CA68840004802B5 /* Assets.xcassets in Resources */,
				58C40DA12CA68840004802B5 /* Base in Resources */,
				58C40D9C2CA6883F004802B5 /* Base in Resources */,
			);
			runOnlyForDeploymentPostprocessing = 0;
		};
		58C40DAC2CA68B75004802B5 /* Resources */ = {
			isa = PBXResourcesBuildPhase;
			buildActionMask = 2147483647;
			files = (
			);
			runOnlyForDeploymentPostprocessing = 0;
		};
/* End PBXResourcesBuildPhase section */

/* Begin PBXSourcesBuildPhase section */
		58C40D8D2CA6883F004802B5 /* Sources */ = {
			isa = PBXSourcesBuildPhase;
			buildActionMask = 2147483647;
			files = (
				58C40D992CA6883F004802B5 /* ViewController.swift in Sources */,
				58C40DB92CA68BBE004802B5 /* Bar.swift in Sources */,
				58C40D952CA6883F004802B5 /* AppDelegate.swift in Sources */,
				58C40D972CA6883F004802B5 /* SceneDelegate.swift in Sources */,
			);
			runOnlyForDeploymentPostprocessing = 0;
		};
		58C40DAA2CA68B75004802B5 /* Sources */ = {
			isa = PBXSourcesBuildPhase;
			buildActionMask = 2147483647;
			files = (
				58C40DB12CA68B75004802B5 /* BuildPluginExampleTests.swift in Sources */,
			);
			runOnlyForDeploymentPostprocessing = 0;
		};
/* End PBXSourcesBuildPhase section */

/* Begin PBXTargetDependency section */
		58C40DB32CA68B75004802B5 /* PBXTargetDependency */ = {
			isa = PBXTargetDependency;
			target = 58C40D902CA6883F004802B5 /* BuildPluginExample */;
			targetProxy = 58C40DB22CA68B75004802B5 /* PBXContainerItemProxy */;
		};
/* End PBXTargetDependency section */

/* Begin PBXVariantGroup section */
		58C40D9A2CA6883F004802B5 /* Main.storyboard */ = {
			isa = PBXVariantGroup;
			children = (
				58C40D9B2CA6883F004802B5 /* Base */,
			);
			name = Main.storyboard;
			sourceTree = "<group>";
		};
		58C40D9F2CA68840004802B5 /* LaunchScreen.storyboard */ = {
			isa = PBXVariantGroup;
			children = (
				58C40DA02CA68840004802B5 /* Base */,
			);
			name = LaunchScreen.storyboard;
			sourceTree = "<group>";
		};
/* End PBXVariantGroup section */

/* Begin XCBuildConfiguration section */
		58C40DA32CA68840004802B5 /* Debug */ = {
			isa = XCBuildConfiguration;
			buildSettings = {
				ALWAYS_SEARCH_USER_PATHS = NO;
				ASSETCATALOG_COMPILER_GENERATE_SWIFT_ASSET_SYMBOL_EXTENSIONS = YES;
				CLANG_ANALYZER_NONNULL = YES;
				CLANG_ANALYZER_NUMBER_OBJECT_CONVERSION = YES_AGGRESSIVE;
				CLANG_CXX_LANGUAGE_STANDARD = "gnu++20";
				CLANG_ENABLE_MODULES = YES;
				CLANG_ENABLE_OBJC_ARC = YES;
				CLANG_ENABLE_OBJC_WEAK = YES;
				CLANG_WARN_BLOCK_CAPTURE_AUTORELEASING = YES;
				CLANG_WARN_BOOL_CONVERSION = YES;
				CLANG_WARN_COMMA = YES;
				CLANG_WARN_CONSTANT_CONVERSION = YES;
				CLANG_WARN_DEPRECATED_OBJC_IMPLEMENTATIONS = YES;
				CLANG_WARN_DIRECT_OBJC_ISA_USAGE = YES_ERROR;
				CLANG_WARN_DOCUMENTATION_COMMENTS = YES;
				CLANG_WARN_EMPTY_BODY = YES;
				CLANG_WARN_ENUM_CONVERSION = YES;
				CLANG_WARN_INFINITE_RECURSION = YES;
				CLANG_WARN_INT_CONVERSION = YES;
				CLANG_WARN_NON_LITERAL_NULL_CONVERSION = YES;
				CLANG_WARN_OBJC_IMPLICIT_RETAIN_SELF = YES;
				CLANG_WARN_OBJC_LITERAL_CONVERSION = YES;
				CLANG_WARN_OBJC_ROOT_CLASS = YES_ERROR;
				CLANG_WARN_QUOTED_INCLUDE_IN_FRAMEWORK_HEADER = YES;
				CLANG_WARN_RANGE_LOOP_ANALYSIS = YES;
				CLANG_WARN_STRICT_PROTOTYPES = YES;
				CLANG_WARN_SUSPICIOUS_MOVE = YES;
				CLANG_WARN_UNGUARDED_AVAILABILITY = YES_AGGRESSIVE;
				CLANG_WARN_UNREACHABLE_CODE = YES;
				CLANG_WARN__DUPLICATE_METHOD_MATCH = YES;
				COPY_PHASE_STRIP = NO;
				DEBUG_INFORMATION_FORMAT = dwarf;
				ENABLE_STRICT_OBJC_MSGSEND = YES;
				ENABLE_TESTABILITY = YES;
				ENABLE_USER_SCRIPT_SANDBOXING = YES;
				GCC_C_LANGUAGE_STANDARD = gnu17;
				GCC_DYNAMIC_NO_PIC = NO;
				GCC_NO_COMMON_BLOCKS = YES;
				GCC_OPTIMIZATION_LEVEL = 0;
				GCC_PREPROCESSOR_DEFINITIONS = (
					"DEBUG=1",
					"$(inherited)",
				);
				GCC_WARN_64_TO_32_BIT_CONVERSION = YES;
				GCC_WARN_ABOUT_RETURN_TYPE = YES_ERROR;
				GCC_WARN_UNDECLARED_SELECTOR = YES;
				GCC_WARN_UNINITIALIZED_AUTOS = YES_AGGRESSIVE;
				GCC_WARN_UNUSED_FUNCTION = YES;
				GCC_WARN_UNUSED_VARIABLE = YES;
				IPHONEOS_DEPLOYMENT_TARGET = 17.5;
				LOCALIZATION_PREFERS_STRING_CATALOGS = YES;
				MTL_ENABLE_DEBUG_INFO = INCLUDE_SOURCE;
				MTL_FAST_MATH = YES;
				ONLY_ACTIVE_ARCH = YES;
				SDKROOT = iphoneos;
				SWIFT_ACTIVE_COMPILATION_CONDITIONS = "DEBUG $(inherited)";
				SWIFT_OPTIMIZATION_LEVEL = "-Onone";
			};
			name = Debug;
		};
		58C40DA42CA68840004802B5 /* Release */ = {
			isa = XCBuildConfiguration;
			buildSettings = {
				ALWAYS_SEARCH_USER_PATHS = NO;
				ASSETCATALOG_COMPILER_GENERATE_SWIFT_ASSET_SYMBOL_EXTENSIONS = YES;
				CLANG_ANALYZER_NONNULL = YES;
				CLANG_ANALYZER_NUMBER_OBJECT_CONVERSION = YES_AGGRESSIVE;
				CLANG_CXX_LANGUAGE_STANDARD = "gnu++20";
				CLANG_ENABLE_MODULES = YES;
				CLANG_ENABLE_OBJC_ARC = YES;
				CLANG_ENABLE_OBJC_WEAK = YES;
				CLANG_WARN_BLOCK_CAPTURE_AUTORELEASING = YES;
				CLANG_WARN_BOOL_CONVERSION = YES;
				CLANG_WARN_COMMA = YES;
				CLANG_WARN_CONSTANT_CONVERSION = YES;
				CLANG_WARN_DEPRECATED_OBJC_IMPLEMENTATIONS = YES;
				CLANG_WARN_DIRECT_OBJC_ISA_USAGE = YES_ERROR;
				CLANG_WARN_DOCUMENTATION_COMMENTS = YES;
				CLANG_WARN_EMPTY_BODY = YES;
				CLANG_WARN_ENUM_CONVERSION = YES;
				CLANG_WARN_INFINITE_RECURSION = YES;
				CLANG_WARN_INT_CONVERSION = YES;
				CLANG_WARN_NON_LITERAL_NULL_CONVERSION = YES;
				CLANG_WARN_OBJC_IMPLICIT_RETAIN_SELF = YES;
				CLANG_WARN_OBJC_LITERAL_CONVERSION = YES;
				CLANG_WARN_OBJC_ROOT_CLASS = YES_ERROR;
				CLANG_WARN_QUOTED_INCLUDE_IN_FRAMEWORK_HEADER = YES;
				CLANG_WARN_RANGE_LOOP_ANALYSIS = YES;
				CLANG_WARN_STRICT_PROTOTYPES = YES;
				CLANG_WARN_SUSPICIOUS_MOVE = YES;
				CLANG_WARN_UNGUARDED_AVAILABILITY = YES_AGGRESSIVE;
				CLANG_WARN_UNREACHABLE_CODE = YES;
				CLANG_WARN__DUPLICATE_METHOD_MATCH = YES;
				COPY_PHASE_STRIP = NO;
				DEBUG_INFORMATION_FORMAT = "dwarf-with-dsym";
				ENABLE_NS_ASSERTIONS = NO;
				ENABLE_STRICT_OBJC_MSGSEND = YES;
				ENABLE_USER_SCRIPT_SANDBOXING = YES;
				GCC_C_LANGUAGE_STANDARD = gnu17;
				GCC_NO_COMMON_BLOCKS = YES;
				GCC_WARN_64_TO_32_BIT_CONVERSION = YES;
				GCC_WARN_ABOUT_RETURN_TYPE = YES_ERROR;
				GCC_WARN_UNDECLARED_SELECTOR = YES;
				GCC_WARN_UNINITIALIZED_AUTOS = YES_AGGRESSIVE;
				GCC_WARN_UNUSED_FUNCTION = YES;
				GCC_WARN_UNUSED_VARIABLE = YES;
				IPHONEOS_DEPLOYMENT_TARGET = 17.5;
				LOCALIZATION_PREFERS_STRING_CATALOGS = YES;
				MTL_ENABLE_DEBUG_INFO = NO;
				MTL_FAST_MATH = YES;
				SDKROOT = iphoneos;
				SWIFT_COMPILATION_MODE = wholemodule;
				VALIDATE_PRODUCT = YES;
			};
			name = Release;
		};
		58C40DA62CA68840004802B5 /* Debug */ = {
			isa = XCBuildConfiguration;
			buildSettings = {
				ASSETCATALOG_COMPILER_APPICON_NAME = AppIcon;
				ASSETCATALOG_COMPILER_GLOBAL_ACCENT_COLOR_NAME = AccentColor;
				CODE_SIGN_STYLE = Automatic;
				CURRENT_PROJECT_VERSION = 1;
				DEVELOPMENT_TEAM = 689R29PY4B;
				GENERATE_INFOPLIST_FILE = YES;
				INFOPLIST_FILE = BuildPluginExample/Info.plist;
				INFOPLIST_KEY_UIApplicationSupportsIndirectInputEvents = YES;
				INFOPLIST_KEY_UILaunchStoryboardName = LaunchScreen;
				INFOPLIST_KEY_UIMainStoryboardFile = Main;
				INFOPLIST_KEY_UISupportedInterfaceOrientations_iPad = "UIInterfaceOrientationPortrait UIInterfaceOrientationPortraitUpsideDown UIInterfaceOrientationLandscapeLeft UIInterfaceOrientationLandscapeRight";
				INFOPLIST_KEY_UISupportedInterfaceOrientations_iPhone = "UIInterfaceOrientationPortrait UIInterfaceOrientationLandscapeLeft UIInterfaceOrientationLandscapeRight";
				LD_RUNPATH_SEARCH_PATHS = (
					"$(inherited)",
					"@executable_path/Frameworks",
				);
				MARKETING_VERSION = 1.0;
				PRODUCT_BUNDLE_IDENTIFIER = com.safetyculture.bpe.BuildPluginExample;
				PRODUCT_NAME = "$(TARGET_NAME)";
				SUPPORTED_PLATFORMS = "iphoneos iphonesimulator";
				SUPPORTS_MACCATALYST = NO;
				SUPPORTS_MAC_DESIGNED_FOR_IPHONE_IPAD = NO;
				SUPPORTS_XR_DESIGNED_FOR_IPHONE_IPAD = NO;
				SWIFT_EMIT_LOC_STRINGS = YES;
				SWIFT_VERSION = 5.0;
				TARGETED_DEVICE_FAMILY = "1,2";
			};
			name = Debug;
		};
		58C40DA72CA68840004802B5 /* Release */ = {
			isa = XCBuildConfiguration;
			buildSettings = {
				ASSETCATALOG_COMPILER_APPICON_NAME = AppIcon;
				ASSETCATALOG_COMPILER_GLOBAL_ACCENT_COLOR_NAME = AccentColor;
				CODE_SIGN_STYLE = Automatic;
				CURRENT_PROJECT_VERSION = 1;
				DEVELOPMENT_TEAM = 689R29PY4B;
				GENERATE_INFOPLIST_FILE = YES;
				INFOPLIST_FILE = BuildPluginExample/Info.plist;
				INFOPLIST_KEY_UIApplicationSupportsIndirectInputEvents = YES;
				INFOPLIST_KEY_UILaunchStoryboardName = LaunchScreen;
				INFOPLIST_KEY_UIMainStoryboardFile = Main;
				INFOPLIST_KEY_UISupportedInterfaceOrientations_iPad = "UIInterfaceOrientationPortrait UIInterfaceOrientationPortraitUpsideDown UIInterfaceOrientationLandscapeLeft UIInterfaceOrientationLandscapeRight";
				INFOPLIST_KEY_UISupportedInterfaceOrientations_iPhone = "UIInterfaceOrientationPortrait UIInterfaceOrientationLandscapeLeft UIInterfaceOrientationLandscapeRight";
				LD_RUNPATH_SEARCH_PATHS = (
					"$(inherited)",
					"@executable_path/Frameworks",
				);
				MARKETING_VERSION = 1.0;
				PRODUCT_BUNDLE_IDENTIFIER = com.safetyculture.bpe.BuildPluginExample;
				PRODUCT_NAME = "$(TARGET_NAME)";
				SUPPORTED_PLATFORMS = "iphoneos iphonesimulator";
				SUPPORTS_MACCATALYST = NO;
				SUPPORTS_MAC_DESIGNED_FOR_IPHONE_IPAD = NO;
				SUPPORTS_XR_DESIGNED_FOR_IPHONE_IPAD = NO;
				SWIFT_EMIT_LOC_STRINGS = YES;
				SWIFT_VERSION = 5.0;
				TARGETED_DEVICE_FAMILY = "1,2";
			};
			name = Release;
		};
		58C40DB52CA68B75004802B5 /* Debug */ = {
			isa = XCBuildConfiguration;
			buildSettings = {
				BUNDLE_LOADER = "$(TEST_HOST)";
				CODE_SIGN_STYLE = Automatic;
				CURRENT_PROJECT_VERSION = 1;
				DEVELOPMENT_TEAM = 689R29PY4B;
				GENERATE_INFOPLIST_FILE = YES;
				MARKETING_VERSION = 1.0;
				PRODUCT_BUNDLE_IDENTIFIER = com.safetyculture.bpe.BuildPluginExampleTests;
				PRODUCT_NAME = "$(TARGET_NAME)";
				SUPPORTED_PLATFORMS = "iphoneos iphonesimulator";
				SUPPORTS_MACCATALYST = NO;
				SUPPORTS_MAC_DESIGNED_FOR_IPHONE_IPAD = NO;
				SUPPORTS_XR_DESIGNED_FOR_IPHONE_IPAD = NO;
				SWIFT_EMIT_LOC_STRINGS = NO;
				SWIFT_VERSION = 5.0;
				TARGETED_DEVICE_FAMILY = "1,2";
				TEST_HOST = "$(BUILT_PRODUCTS_DIR)/BuildPluginExample.app/$(BUNDLE_EXECUTABLE_FOLDER_PATH)/BuildPluginExample";
			};
			name = Debug;
		};
		58C40DB62CA68B75004802B5 /* Release */ = {
			isa = XCBuildConfiguration;
			buildSettings = {
				BUNDLE_LOADER = "$(TEST_HOST)";
				CODE_SIGN_STYLE = Automatic;
				CURRENT_PROJECT_VERSION = 1;
				DEVELOPMENT_TEAM = 689R29PY4B;
				GENERATE_INFOPLIST_FILE = YES;
				MARKETING_VERSION = 1.0;
				PRODUCT_BUNDLE_IDENTIFIER = com.safetyculture.bpe.BuildPluginExampleTests;
				PRODUCT_NAME = "$(TARGET_NAME)";
				SUPPORTED_PLATFORMS = "iphoneos iphonesimulator";
				SUPPORTS_MACCATALYST = NO;
				SUPPORTS_MAC_DESIGNED_FOR_IPHONE_IPAD = NO;
				SUPPORTS_XR_DESIGNED_FOR_IPHONE_IPAD = NO;
				SWIFT_EMIT_LOC_STRINGS = NO;
				SWIFT_VERSION = 5.0;
				TARGETED_DEVICE_FAMILY = "1,2";
				TEST_HOST = "$(BUILT_PRODUCTS_DIR)/BuildPluginExample.app/$(BUNDLE_EXECUTABLE_FOLDER_PATH)/BuildPluginExample";
			};
			name = Release;
		};
/* End XCBuildConfiguration section */

/* Begin XCConfigurationList section */
		58C40D8C2CA6883F004802B5 /* Build configuration list for PBXProject "BuildPluginExample" */ = {
			isa = XCConfigurationList;
			buildConfigurations = (
				58C40DA32CA68840004802B5 /* Debug */,
				58C40DA42CA68840004802B5 /* Release */,
			);
			defaultConfigurationIsVisible = 0;
			defaultConfigurationName = Release;
		};
		58C40DA52CA68840004802B5 /* Build configuration list for PBXNativeTarget "BuildPluginExample" */ = {
			isa = XCConfigurationList;
			buildConfigurations = (
				58C40DA62CA68840004802B5 /* Debug */,
				58C40DA72CA68840004802B5 /* Release */,
			);
			defaultConfigurationIsVisible = 0;
			defaultConfigurationName = Release;
		};
		58C40DB42CA68B75004802B5 /* Build configuration list for PBXNativeTarget "BuildPluginExampleTests" */ = {
			isa = XCConfigurationList;
			buildConfigurations = (
				58C40DB52CA68B75004802B5 /* Debug */,
				58C40DB62CA68B75004802B5 /* Release */,
			);
			defaultConfigurationIsVisible = 0;
			defaultConfigurationName = Release;
		};
/* End XCConfigurationList section */

/* Begin XCSwiftPackageProductDependency section */
		58C40DBD2CA68C66004802B5 /* CommonTestingSupport */ = {
			isa = XCSwiftPackageProductDependency;
			productName = CommonTestingSupport;
		};
		58D009692CA68C9E00BAC4B2 /* Common */ = {
			isa = XCSwiftPackageProductDependency;
			productName = Common;
		};
/* End XCSwiftPackageProductDependency section */
	};
	rootObject = 58C40D892CA6883F004802B5 /* Project object */;
}
